PODS:
  - MJRefresh (3.1.12)
  - ScalableImageView (0.0.1)

DEPENDENCIES:
  - MJRefresh
  - ScalableImageView (from `../`)

EXTERNAL SOURCES:
  ScalableImageView:
    :path: ../

SPEC CHECKSUMS:
  MJRefresh: b96cdb21c4aa75a7b07654311ab2f315c497e806
  ScalableImageView: 5887043469049bc88565217d9c903c705eb61280

PODFILE CHECKSUM: a04c00eee7f422b2655b26351a88e298518d93a1

COCOAPODS: 1.2.0
